// !$*UTF8*$!
{
	archiveVersion = 1;
	classes = {
	};
	objectVersion = 50;
	objects = {

/* Begin PBXBuildFile section */
		D218CC9726216E210062D560 /* AppDelegate.swift in Sources */ = {isa = PBXBuildFile; fileRef = D218CC9626216E210062D560 /* AppDelegate.swift */; };
		D218CC9926216E210062D560 /* SceneDelegate.swift in Sources */ = {isa = PBXBuildFile; fileRef = D218CC9826216E210062D560 /* SceneDelegate.swift */; };
		D218CC9B26216E210062D560 /* ViewController.swift in Sources */ = {isa = PBXBuildFile; fileRef = D218CC9A26216E210062D560 /* ViewController.swift */; };
		D218CC9E26216E210062D560 /* Main.storyboard in Resources */ = {isa = PBXBuildFile; fileRef = D218CC9C26216E210062D560 /* Main.storyboard */; };
		D218CCA126216E210062D560 /* UCR_Safe.xcdatamodeld in Sources */ = {isa = PBXBuildFile; fileRef = D218CC9F26216E210062D560 /* UCR_Safe.xcdatamodeld */; };
		D218CCA326216E230062D560 /* Assets.xcassets in Resources */ = {isa = PBXBuildFile; fileRef = D218CCA226216E230062D560 /* Assets.xcassets */; };
		D218CCA626216E230062D560 /* LaunchScreen.storyboard in Resources */ = {isa = PBXBuildFile; fileRef = D218CCA426216E230062D560 /* LaunchScreen.storyboard */; };
		D218CCB126216E230062D560 /* UCR_SafeTests.swift in Sources */ = {isa = PBXBuildFile; fileRef = D218CCB026216E230062D560 /* UCR_SafeTests.swift */; };
		D218CCBC26216E230062D560 /* UCR_SafeUITests.swift in Sources */ = {isa = PBXBuildFile; fileRef = D218CCBB26216E230062D560 /* UCR_SafeUITests.swift */; };
/* End PBXBuildFile section */

/* Begin PBXContainerItemProxy section */
		D218CCAD26216E230062D560 /* PBXContainerItemProxy */ = {
			isa = PBXContainerItemProxy;
			containerPortal = D218CC8B26216E210062D560 /* Project object */;
			proxyType = 1;
			remoteGlobalIDString = D218CC9226216E210062D560;
			remoteInfo = "UCR Safe";
		};
		D218CCB826216E230062D560 /* PBXContainerItemProxy */ = {
			isa = PBXContainerItemProxy;
			containerPortal = D218CC8B26216E210062D560 /* Project object */;
			proxyType = 1;
			remoteGlobalIDString = D218CC9226216E210062D560;
			remoteInfo = "UCR Safe";
		};
/* End PBXContainerItemProxy section */

/* Begin PBXFileReference section */
		D218CC9326216E210062D560 /* UCR Safe.app */ = {isa = PBXFileReference; explicitFileType = wrapper.application; includeInIndex = 0; path = "UCR Safe.app"; sourceTree = BUILT_PRODUCTS_DIR; };
		D218CC9626216E210062D560 /* AppDelegate.swift */ = {isa = PBXFileReference; lastKnownFileType = sourcecode.swift; path = AppDelegate.swift; sourceTree = "<group>"; };
		D218CC9826216E210062D560 /* SceneDelegate.swift */ = {isa = PBXFileReference; lastKnownFileType = sourcecode.swift; path = SceneDelegate.swift; sourceTree = "<group>"; };
		D218CC9A26216E210062D560 /* ViewController.swift */ = {isa = PBXFileReference; lastKnownFileType = sourcecode.swift; path = ViewController.swift; sourceTree = "<group>"; };
		D218CC9D26216E210062D560 /* Base */ = {isa = PBXFileReference; lastKnownFileType = file.storyboard; name = Base; path = Base.lproj/Main.storyboard; sourceTree = "<group>"; };
		D218CCA026216E210062D560 /* UCR_Safe.xcdatamodel */ = {isa = PBXFileReference; lastKnownFileType = wrapper.xcdatamodel; path = UCR_Safe.xcdatamodel; sourceTree = "<group>"; };
		D218CCA226216E230062D560 /* Assets.xcassets */ = {isa = PBXFileReference; lastKnownFileType = folder.assetcatalog; path = Assets.xcassets; sourceTree = "<group>"; };
		D218CCA526216E230062D560 /* Base */ = {isa = PBXFileReference; lastKnownFileType = file.storyboard; name = Base; path = Base.lproj/LaunchScreen.storyboard; sourceTree = "<group>"; };
		D218CCA726216E230062D560 /* Info.plist */ = {isa = PBXFileReference; lastKnownFileType = text.plist.xml; path = Info.plist; sourceTree = "<group>"; };
		D218CCAC26216E230062D560 /* UCR SafeTests.xctest */ = {isa = PBXFileReference; explicitFileType = wrapper.cfbundle; includeInIndex = 0; path = "UCR SafeTests.xctest"; sourceTree = BUILT_PRODUCTS_DIR; };
		D218CCB026216E230062D560 /* UCR_SafeTests.swift */ = {isa = PBXFileReference; lastKnownFileType = sourcecode.swift; path = UCR_SafeTests.swift; sourceTree = "<group>"; };
		D218CCB226216E230062D560 /* Info.plist */ = {isa = PBXFileReference; lastKnownFileType = text.plist.xml; path = Info.plist; sourceTree = "<group>"; };
		D218CCB726216E230062D560 /* UCR SafeUITests.xctest */ = {isa = PBXFileReference; explicitFileType = wrapper.cfbundle; includeInIndex = 0; path = "UCR SafeUITests.xctest"; sourceTree = BUILT_PRODUCTS_DIR; };
		D218CCBB26216E230062D560 /* UCR_SafeUITests.swift */ = {isa = PBXFileReference; lastKnownFileType = sourcecode.swift; path = UCR_SafeUITests.swift; sourceTree = "<group>"; };
		D218CCBD26216E230062D560 /* Info.plist */ = {isa = PBXFileReference; lastKnownFileType = text.plist.xml; path = Info.plist; sourceTree = "<group>"; };
/* End PBXFileReference section */

/* Begin PBXFrameworksBuildPhase section */
		D218CC9026216E210062D560 /* Frameworks */ = {
			isa = PBXFrameworksBuildPhase;
			buildActionMask = 2147483647;
			files = (
			);
			runOnlyForDeploymentPostprocessing = 0;
		};
		D218CCA926216E230062D560 /* Frameworks */ = {
			isa = PBXFrameworksBuildPhase;
			buildActionMask = 2147483647;
			files = (
			);
			runOnlyForDeploymentPostprocessing = 0;
		};
		D218CCB426216E230062D560 /* Frameworks */ = {
			isa = PBXFrameworksBuildPhase;
			buildActionMask = 2147483647;
			files = (
			);
			runOnlyForDeploymentPostprocessing = 0;
		};
/* End PBXFrameworksBuildPhase section */

/* Begin PBXGroup section */
		D218CC8A26216E210062D560 = {
			isa = PBXGroup;
			children = (
				D218CC9526216E210062D560 /* UCR Safe */,
				D218CCAF26216E230062D560 /* UCR SafeTests */,
				D218CCBA26216E230062D560 /* UCR SafeUITests */,
				D218CC9426216E210062D560 /* Products */,
			);
			sourceTree = "<group>";
		};
		D218CC9426216E210062D560 /* Products */ = {
			isa = PBXGroup;
			children = (
				D218CC9326216E210062D560 /* UCR Safe.app */,
				D218CCAC26216E230062D560 /* UCR SafeTests.xctest */,
				D218CCB726216E230062D560 /* UCR SafeUITests.xctest */,
			);
			name = Products;
			sourceTree = "<group>";
		};
		D218CC9526216E210062D560 /* UCR Safe */ = {
			isa = PBXGroup;
			children = (
				D218CC9626216E210062D560 /* AppDelegate.swift */,
				D218CC9826216E210062D560 /* SceneDelegate.swift */,
				D218CC9A26216E210062D560 /* ViewController.swift */,
				D218CC9C26216E210062D560 /* Main.storyboard */,
				D218CCA226216E230062D560 /* Assets.xcassets */,
				D218CCA426216E230062D560 /* LaunchScreen.storyboard */,
				D218CCA726216E230062D560 /* Info.plist */,
				D218CC9F26216E210062D560 /* UCR_Safe.xcdatamodeld */,
			);
			path = "UCR Safe";
			sourceTree = "<group>";
		};
		D218CCAF26216E230062D560 /* UCR SafeTests */ = {
			isa = PBXGroup;
			children = (
				D218CCB026216E230062D560 /* UCR_SafeTests.swift */,
				D218CCB226216E230062D560 /* Info.plist */,
			);
			path = "UCR SafeTests";
			sourceTree = "<group>";
		};
		D218CCBA26216E230062D560 /* UCR SafeUITests */ = {
			isa = PBXGroup;
			children = (
				D218CCBB26216E230062D560 /* UCR_SafeUITests.swift */,
				D218CCBD26216E230062D560 /* Info.plist */,
			);
			path = "UCR SafeUITests";
			sourceTree = "<group>";
		};
/* End PBXGroup section */

/* Begin PBXNativeTarget section */
		D218CC9226216E210062D560 /* UCR Safe */ = {
			isa = PBXNativeTarget;
			buildConfigurationList = D218CCC026216E230062D560 /* Build configuration list for PBXNativeTarget "UCR Safe" */;
			buildPhases = (
				D218CC8F26216E210062D560 /* Sources */,
				D218CC9026216E210062D560 /* Frameworks */,
				D218CC9126216E210062D560 /* Resources */,
			);
			buildRules = (
			);
			dependencies = (
			);
			name = "UCR Safe";
			productName = "UCR Safe";
			productReference = D218CC9326216E210062D560 /* UCR Safe.app */;
			productType = "com.apple.product-type.application";
		};
		D218CCAB26216E230062D560 /* UCR SafeTests */ = {
			isa = PBXNativeTarget;
			buildConfigurationList = D218CCC326216E230062D560 /* Build configuration list for PBXNativeTarget "UCR SafeTests" */;
			buildPhases = (
				D218CCA826216E230062D560 /* Sources */,
				D218CCA926216E230062D560 /* Frameworks */,
				D218CCAA26216E230062D560 /* Resources */,
			);
			buildRules = (
			);
			dependencies = (
				D218CCAE26216E230062D560 /* PBXTargetDependency */,
			);
			name = "UCR SafeTests";
			productName = "UCR SafeTests";
			productReference = D218CCAC26216E230062D560 /* UCR SafeTests.xctest */;
			productType = "com.apple.product-type.bundle.unit-test";
		};
		D218CCB626216E230062D560 /* UCR SafeUITests */ = {
			isa = PBXNativeTarget;
			buildConfigurationList = D218CCC626216E230062D560 /* Build configuration list for PBXNativeTarget "UCR SafeUITests" */;
			buildPhases = (
				D218CCB326216E230062D560 /* Sources */,
				D218CCB426216E230062D560 /* Frameworks */,
				D218CCB526216E230062D560 /* Resources */,
			);
			buildRules = (
			);
			dependencies = (
				D218CCB926216E230062D560 /* PBXTargetDependency */,
			);
			name = "UCR SafeUITests";
			productName = "UCR SafeUITests";
			productReference = D218CCB726216E230062D560 /* UCR SafeUITests.xctest */;
			productType = "com.apple.product-type.bundle.ui-testing";
		};
/* End PBXNativeTarget section */

/* Begin PBXProject section */
		D218CC8B26216E210062D560 /* Project object */ = {
			isa = PBXProject;
			attributes = {
				LastSwiftUpdateCheck = 1150;
				LastUpgradeCheck = 1150;
				ORGANIZATIONNAME = "Shruti J";
				TargetAttributes = {
					D218CC9226216E210062D560 = {
						CreatedOnToolsVersion = 11.5;
					};
					D218CCAB26216E230062D560 = {
						CreatedOnToolsVersion = 11.5;
						TestTargetID = D218CC9226216E210062D560;
					};
					D218CCB626216E230062D560 = {
						CreatedOnToolsVersion = 11.5;
						TestTargetID = D218CC9226216E210062D560;
					};
				};
			};
			buildConfigurationList = D218CC8E26216E210062D560 /* Build configuration list for PBXProject "UCR Safe" */;
			compatibilityVersion = "Xcode 9.3";
			developmentRegion = en;
			hasScannedForEncodings = 0;
			knownRegions = (
				en,
				Base,
			);
			mainGroup = D218CC8A26216E210062D560;
			productRefGroup = D218CC9426216E210062D560 /* Products */;
			projectDirPath = "";
			projectRoot = "";
			targets = (
				D218CC9226216E210062D560 /* UCR Safe */,
				D218CCAB26216E230062D560 /* UCR SafeTests */,
				D218CCB626216E230062D560 /* UCR SafeUITests */,
			);
		};
/* End PBXProject section */

/* Begin PBXResourcesBuildPhase section */
		D218CC9126216E210062D560 /* Resources */ = {
			isa = PBXResourcesBuildPhase;
			buildActionMask = 2147483647;
			files = (
				D218CCA626216E230062D560 /* LaunchScreen.storyboard in Resources */,
				D218CCA326216E230062D560 /* Assets.xcassets in Resources */,
				D218CC9E26216E210062D560 /* Main.storyboard in Resources */,
			);
			runOnlyForDeploymentPostprocessing = 0;
		};
		D218CCAA26216E230062D560 /* Resources */ = {
			isa = PBXResourcesBuildPhase;
			buildActionMask = 2147483647;
			files = (
			);
			runOnlyForDeploymentPostprocessing = 0;
		};
		D218CCB526216E230062D560 /* Resources */ = {
			isa = PBXResourcesBuildPhase;
			buildActionMask = 2147483647;
			files = (
			);
			runOnlyForDeploymentPostprocessing = 0;
		};
/* End PBXResourcesBuildPhase section */

/* Begin PBXSourcesBuildPhase section */
		D218CC8F26216E210062D560 /* Sources */ = {
			isa = PBXSourcesBuildPhase;
			buildActionMask = 2147483647;
			files = (
				D218CC9B26216E210062D560 /* ViewController.swift in Sources */,
				D218CCA126216E210062D560 /* UCR_Safe.xcdatamodeld in Sources */,
				D218CC9726216E210062D560 /* AppDelegate.swift in Sources */,
				D218CC9926216E210062D560 /* SceneDelegate.swift in Sources */,
			);
			runOnlyForDeploymentPostprocessing = 0;
		};
		D218CCA826216E230062D560 /* Sources */ = {
			isa = PBXSourcesBuildPhase;
			buildActionMask = 2147483647;
			files = (
				D218CCB126216E230062D560 /* UCR_SafeTests.swift in Sources */,
			);
			runOnlyForDeploymentPostprocessing = 0;
		};
		D218CCB326216E230062D560 /* Sources */ = {
			isa = PBXSourcesBuildPhase;
			buildActionMask = 2147483647;
			files = (
				D218CCBC26216E230062D560 /* UCR_SafeUITests.swift in Sources */,
			);
			runOnlyForDeploymentPostprocessing = 0;
		};
/* End PBXSourcesBuildPhase section */

/* Begin PBXTargetDependency section */
		D218CCAE26216E230062D560 /* PBXTargetDependency */ = {
			isa = PBXTargetDependency;
			target = D218CC9226216E210062D560 /* UCR Safe */;
			targetProxy = D218CCAD26216E230062D560 /* PBXContainerItemProxy */;
		};
		D218CCB926216E230062D560 /* PBXTargetDependency */ = {
			isa = PBXTargetDependency;
			target = D218CC9226216E210062D560 /* UCR Safe */;
			targetProxy = D218CCB826216E230062D560 /* PBXContainerItemProxy */;
		};
/* End PBXTargetDependency section */

/* Begin PBXVariantGroup section */
		D218CC9C26216E210062D560 /* Main.storyboard */ = {
			isa = PBXVariantGroup;
			children = (
				D218CC9D26216E210062D560 /* Base */,
			);
			name = Main.storyboard;
			sourceTree = "<group>";
		};
		D218CCA426216E230062D560 /* LaunchScreen.storyboard */ = {
			isa = PBXVariantGroup;
			children = (
				D218CCA526216E230062D560 /* Base */,
			);
			name = LaunchScreen.storyboard;
			sourceTree = "<group>";
		};
/* End PBXVariantGroup section */

/* Begin XCBuildConfiguration section */
		D218CCBE26216E230062D560 /* Debug */ = {
			isa = XCBuildConfiguration;
			buildSettings = {
				ALWAYS_SEARCH_USER_PATHS = NO;
				CLANG_ANALYZER_NONNULL = YES;
				CLANG_ANALYZER_NUMBER_OBJECT_CONVERSION = YES_AGGRESSIVE;
				CLANG_CXX_LANGUAGE_STANDARD = "gnu++14";
				CLANG_CXX_LIBRARY = "libc++";
				CLANG_ENABLE_MODULES = YES;
				CLANG_ENABLE_OBJC_ARC = YES;
				CLANG_ENABLE_OBJC_WEAK = YES;
				CLANG_WARN_BLOCK_CAPTURE_AUTORELEASING = YES;
				CLANG_WARN_BOOL_CONVERSION = YES;
				CLANG_WARN_COMMA = YES;
				CLANG_WARN_CONSTANT_CONVERSION = YES;
				CLANG_WARN_DEPRECATED_OBJC_IMPLEMENTATIONS = YES;
				CLANG_WARN_DIRECT_OBJC_ISA_USAGE = YES_ERROR;
				CLANG_WARN_DOCUMENTATION_COMMENTS = YES;
				CLANG_WARN_EMPTY_BODY = YES;
				CLANG_WARN_ENUM_CONVERSION = YES;
				CLANG_WARN_INFINITE_RECURSION = YES;
				CLANG_WARN_INT_CONVERSION = YES;
				CLANG_WARN_NON_LITERAL_NULL_CONVERSION = YES;
				CLANG_WARN_OBJC_IMPLICIT_RETAIN_SELF = YES;
				CLANG_WARN_OBJC_LITERAL_CONVERSION = YES;
				CLANG_WARN_OBJC_ROOT_CLASS = YES_ERROR;
				CLANG_WARN_RANGE_LOOP_ANALYSIS = YES;
				CLANG_WARN_STRICT_PROTOTYPES = YES;
				CLANG_WARN_SUSPICIOUS_MOVE = YES;
				CLANG_WARN_UNGUARDED_AVAILABILITY = YES_AGGRESSIVE;
				CLANG_WARN_UNREACHABLE_CODE = YES;
				CLANG_WARN__DUPLICATE_METHOD_MATCH = YES;
				COPY_PHASE_STRIP = NO;
				DEBUG_INFORMATION_FORMAT = dwarf;
				ENABLE_STRICT_OBJC_MSGSEND = YES;
				ENABLE_TESTABILITY = YES;
				GCC_C_LANGUAGE_STANDARD = gnu11;
				GCC_DYNAMIC_NO_PIC = NO;
				GCC_NO_COMMON_BLOCKS = YES;
				GCC_OPTIMIZATION_LEVEL = 0;
				GCC_PREPROCESSOR_DEFINITIONS = (
					"DEBUG=1",
					"$(inherited)",
				);
				GCC_WARN_64_TO_32_BIT_CONVERSION = YES;
				GCC_WARN_ABOUT_RETURN_TYPE = YES_ERROR;
				GCC_WARN_UNDECLARED_SELECTOR = YES;
				GCC_WARN_UNINITIALIZED_AUTOS = YES_AGGRESSIVE;
				GCC_WARN_UNUSED_FUNCTION = YES;
				GCC_WARN_UNUSED_VARIABLE = YES;
				IPHONEOS_DEPLOYMENT_TARGET = 13.5;
				MTL_ENABLE_DEBUG_INFO = INCLUDE_SOURCE;
				MTL_FAST_MATH = YES;
				ONLY_ACTIVE_ARCH = YES;
				SDKROOT = iphoneos;
				SWIFT_ACTIVE_COMPILATION_CONDITIONS = DEBUG;
				SWIFT_OPTIMIZATION_LEVEL = "-Onone";
			};
			name = Debug;
		};
		D218CCBF26216E230062D560 /* Release */ = {
			isa = XCBuildConfiguration;
			buildSettings = {
				ALWAYS_SEARCH_USER_PATHS = NO;
				CLANG_ANALYZER_NONNULL = YES;
				CLANG_ANALYZER_NUMBER_OBJECT_CONVERSION = YES_AGGRESSIVE;
				CLANG_CXX_LANGUAGE_STANDARD = "gnu++14";
				CLANG_CXX_LIBRARY = "libc++";
				CLANG_ENABLE_MODULES = YES;
				CLANG_ENABLE_OBJC_ARC = YES;
				CLANG_ENABLE_OBJC_WEAK = YES;
				CLANG_WARN_BLOCK_CAPTURE_AUTORELEASING = YES;
				CLANG_WARN_BOOL_CONVERSION = YES;
				CLANG_WARN_COMMA = YES;
				CLANG_WARN_CONSTANT_CONVERSION = YES;
				CLANG_WARN_DEPRECATED_OBJC_IMPLEMENTATIONS = YES;
				CLANG_WARN_DIRECT_OBJC_ISA_USAGE = YES_ERROR;
				CLANG_WARN_DOCUMENTATION_COMMENTS = YES;
				CLANG_WARN_EMPTY_BODY = YES;
				CLANG_WARN_ENUM_CONVERSION = YES;
				CLANG_WARN_INFINITE_RECURSION = YES;
				CLANG_WARN_INT_CONVERSION = YES;
				CLANG_WARN_NON_LITERAL_NULL_CONVERSION = YES;
				CLANG_WARN_OBJC_IMPLICIT_RETAIN_SELF = YES;
				CLANG_WARN_OBJC_LITERAL_CONVERSION = YES;
				CLANG_WARN_OBJC_ROOT_CLASS = YES_ERROR;
				CLANG_WARN_RANGE_LOOP_ANALYSIS = YES;
				CLANG_WARN_STRICT_PROTOTYPES = YES;
				CLANG_WARN_SUSPICIOUS_MOVE = YES;
				CLANG_WARN_UNGUARDED_AVAILABILITY = YES_AGGRESSIVE;
				CLANG_WARN_UNREACHABLE_CODE = YES;
				CLANG_WARN__DUPLICATE_METHOD_MATCH = YES;
				COPY_PHASE_STRIP = NO;
				DEBUG_INFORMATION_FORMAT = "dwarf-with-dsym";
				ENABLE_NS_ASSERTIONS = NO;
				ENABLE_STRICT_OBJC_MSGSEND = YES;
				GCC_C_LANGUAGE_STANDARD = gnu11;
				GCC_NO_COMMON_BLOCKS = YES;
				GCC_WARN_64_TO_32_BIT_CONVERSION = YES;
				GCC_WARN_ABOUT_RETURN_TYPE = YES_ERROR;
				GCC_WARN_UNDECLARED_SELECTOR = YES;
				GCC_WARN_UNINITIALIZED_AUTOS = YES_AGGRESSIVE;
				GCC_WARN_UNUSED_FUNCTION = YES;
				GCC_WARN_UNUSED_VARIABLE = YES;
				IPHONEOS_DEPLOYMENT_TARGET = 13.5;
				MTL_ENABLE_DEBUG_INFO = NO;
				MTL_FAST_MATH = YES;
				SDKROOT = iphoneos;
				SWIFT_COMPILATION_MODE = wholemodule;
				SWIFT_OPTIMIZATION_LEVEL = "-O";
				VALIDATE_PRODUCT = YES;
			};
			name = Release;
		};
		D218CCC126216E230062D560 /* Debug */ = {
			isa = XCBuildConfiguration;
			buildSettings = {
				ASSETCATALOG_COMPILER_APPICON_NAME = AppIcon;
				CODE_SIGN_STYLE = Automatic;
				DEVELOPMENT_TEAM = CLC72TB79Z;
				INFOPLIST_FILE = "UCR Safe/Info.plist";
				LD_RUNPATH_SEARCH_PATHS = (
					"$(inherited)",
					"@executable_path/Frameworks",
				);
				PRODUCT_BUNDLE_IDENTIFIER = "tech.shruti-jana.UCR-Safe";
				PRODUCT_NAME = "$(TARGET_NAME)";
				SWIFT_VERSION = 5.0;
				TARGETED_DEVICE_FAMILY = "1,2";
			};
			name = Debug;
		};
		D218CCC226216E230062D560 /* Release */ = {
			isa = XCBuildConfiguration;
			buildSettings = {
				ASSETCATALOG_COMPILER_APPICON_NAME = AppIcon;
				CODE_SIGN_STYLE = Automatic;
				DEVELOPMENT_TEAM = CLC72TB79Z;
				INFOPLIST_FILE = "UCR Safe/Info.plist";
				LD_RUNPATH_SEARCH_PATHS = (
					"$(inherited)",
					"@executable_path/Frameworks",
				);
				PRODUCT_BUNDLE_IDENTIFIER = "tech.shruti-jana.UCR-Safe";
				PRODUCT_NAME = "$(TARGET_NAME)";
				SWIFT_VERSION = 5.0;
				TARGETED_DEVICE_FAMILY = "1,2";
			};
			name = Release;
		};
		D218CCC426216E230062D560 /* Debug */ = {
			isa = XCBuildConfiguration;
			buildSettings = {
				ALWAYS_EMBED_SWIFT_STANDARD_LIBRARIES = YES;
				BUNDLE_LOADER = "$(TEST_HOST)";
				CODE_SIGN_STYLE = Automatic;
				DEVELOPMENT_TEAM = CLC72TB79Z;
				INFOPLIST_FILE = "UCR SafeTests/Info.plist";
				IPHONEOS_DEPLOYMENT_TARGET = 13.5;
				LD_RUNPATH_SEARCH_PATHS = (
					"$(inherited)",
					"@executable_path/Frameworks",
					"@loader_path/Frameworks",
				);
				PRODUCT_BUNDLE_IDENTIFIER = "tech.shruti-jana.UCR-SafeTests";
				PRODUCT_NAME = "$(TARGET_NAME)";
				SWIFT_VERSION = 5.0;
				TARGETED_DEVICE_FAMILY = "1,2";
				TEST_HOST = "$(BUILT_PRODUCTS_DIR)/UCR Safe.app/UCR Safe";
			};
			name = Debug;
		};
		D218CCC526216E230062D560 /* Release */ = {
			isa = XCBuildConfiguration;
			buildSettings = {
				ALWAYS_EMBED_SWIFT_STANDARD_LIBRARIES = YES;
				BUNDLE_LOADER = "$(TEST_HOST)";
				CODE_SIGN_STYLE = Automatic;
				DEVELOPMENT_TEAM = CLC72TB79Z;
				INFOPLIST_FILE = "UCR SafeTests/Info.plist";
				IPHONEOS_DEPLOYMENT_TARGET = 13.5;
				LD_RUNPATH_SEARCH_PATHS = (
					"$(inherited)",
					"@executable_path/Frameworks",
					"@loader_path/Frameworks",
				);
				PRODUCT_BUNDLE_IDENTIFIER = "tech.shruti-jana.UCR-SafeTests";
				PRODUCT_NAME = "$(TARGET_NAME)";
				SWIFT_VERSION = 5.0;
				TARGETED_DEVICE_FAMILY = "1,2";
				TEST_HOST = "$(BUILT_PRODUCTS_DIR)/UCR Safe.app/UCR Safe";
			};
			name = Release;
		};
		D218CCC726216E230062D560 /* Debug */ = {
			isa = XCBuildConfiguration;
			buildSettings = {
				ALWAYS_EMBED_SWIFT_STANDARD_LIBRARIES = YES;
				CODE_SIGN_STYLE = Automatic;
				DEVELOPMENT_TEAM = CLC72TB79Z;
				INFOPLIST_FILE = "UCR SafeUITests/Info.plist";
				LD_RUNPATH_SEARCH_PATHS = (
					"$(inherited)",
					"@executable_path/Frameworks",
					"@loader_path/Frameworks",
				);
				PRODUCT_BUNDLE_IDENTIFIER = "tech.shruti-jana.UCR-SafeUITests";
				PRODUCT_NAME = "$(TARGET_NAME)";
				SWIFT_VERSION = 5.0;
				TARGETED_DEVICE_FAMILY = "1,2";
				TEST_TARGET_NAME = "UCR Safe";
			};
			name = Debug;
		};
		D218CCC826216E230062D560 /* Release */ = {
			isa = XCBuildConfiguration;
			buildSettings = {
				ALWAYS_EMBED_SWIFT_STANDARD_LIBRARIES = YES;
				CODE_SIGN_STYLE = Automatic;
				DEVELOPMENT_TEAM = CLC72TB79Z;
				INFOPLIST_FILE = "UCR SafeUITests/Info.plist";
				LD_RUNPATH_SEARCH_PATHS = (
					"$(inherited)",
					"@executable_path/Frameworks",
					"@loader_path/Frameworks",
				);
				PRODUCT_BUNDLE_IDENTIFIER = "tech.shruti-jana.UCR-SafeUITests";
				PRODUCT_NAME = "$(TARGET_NAME)";
				SWIFT_VERSION = 5.0;
				TARGETED_DEVICE_FAMILY = "1,2";
				TEST_TARGET_NAME = "UCR Safe";
			};
			name = Release;
		};
/* End XCBuildConfiguration section */

/* Begin XCConfigurationList section */
		D218CC8E26216E210062D560 /* Build configuration list for PBXProject "UCR Safe" */ = {
			isa = XCConfigurationList;
			buildConfigurations = (
				D218CCBE26216E230062D560 /* Debug */,
				D218CCBF26216E230062D560 /* Release */,
			);
			defaultConfigurationIsVisible = 0;
			defaultConfigurationName = Release;
		};
		D218CCC026216E230062D560 /* Build configuration list for PBXNativeTarget "UCR Safe" */ = {
			isa = XCConfigurationList;
			buildConfigurations = (
				D218CCC126216E230062D560 /* Debug */,
				D218CCC226216E230062D560 /* Release */,
			);
			defaultConfigurationIsVisible = 0;
			defaultConfigurationName = Release;
		};
		D218CCC326216E230062D560 /* Build configuration list for PBXNativeTarget "UCR SafeTests" */ = {
			isa = XCConfigurationList;
			buildConfigurations = (
				D218CCC426216E230062D560 /* Debug */,
				D218CCC526216E230062D560 /* Release */,
			);
			defaultConfigurationIsVisible = 0;
			defaultConfigurationName = Release;
		};
		D218CCC626216E230062D560 /* Build configuration list for PBXNativeTarget "UCR SafeUITests" */ = {
			isa = XCConfigurationList;
			buildConfigurations = (
				D218CCC726216E230062D560 /* Debug */,
				D218CCC826216E230062D560 /* Release */,
			);
			defaultConfigurationIsVisible = 0;
			defaultConfigurationName = Release;
		};
/* End XCConfigurationList section */

/* Begin XCVersionGroup section */
		D218CC9F26216E210062D560 /* UCR_Safe.xcdatamodeld */ = {
			isa = XCVersionGroup;
			children = (
				D218CCA026216E210062D560 /* UCR_Safe.xcdatamodel */,
			);
			currentVersion = D218CCA026216E210062D560 /* UCR_Safe.xcdatamodel */;
			path = UCR_Safe.xcdatamodeld;
			sourceTree = "<group>";
			versionGroupType = wrapper.xcdatamodel;
		};
/* End XCVersionGroup section */
	};
	rootObject = D218CC8B26216E210062D560 /* Project object */;
}
